
Microsoft Visual Studio Solution File, Format Version 12.00
# Visual Studio Version 18
VisualStudioVersion = 18.7.11911.148 stable
MinimumVisualStudioVersion = 10.0.40219.1
Project("{FAE04EC0-301F-11D3-BF4B-00C04F79EFBC}") = "csharp-aspnet-webapi", "csharp-aspnet-webapi.csproj", "{B08AC1B4-C1B6-4E15-9AC1-B3610DA4B871}"
EndProject
Global
	GlobalSection(SolutionConfigurationPlatforms) = preSolution
		Debug|Any CPU = Debug|Any CPU
		Release|Any CPU = Release|Any CPU
	EndGlobalSection
	GlobalSection(ProjectConfigurationPlatforms) = postSolution
		{B08AC1B4-C1B6-4E15-9AC1-B3610DA4B871}.Debug|Any CPU.ActiveCfg = Debug|Any CPU
		{B08AC1B4-C1B6-4E15-9AC1-B3610DA4B871}.Debug|Any CPU.Build.0 = Debug|Any CPU
		{B08AC1B4-C1B6-4E15-9AC1-B3610DA4B871}.Release|Any CPU.ActiveCfg = Release|Any CPU
		{B08AC1B4-C1B6-4E15-9AC1-B3610DA4B871}.Release|Any CPU.Build.0 = Release|Any CPU
	EndGlobalSection
	GlobalSection(SolutionProperties) = preSolution
		HideSolutionNode = FALSE
	EndGlobalSection
	GlobalSection(ExtensibilityGlobals) = postSolution
		SolutionGuid = {1576504F-5EBB-43FB-9413-B33BC6799281}
	EndGlobalSection
EndGlobal
